PODS:
  - Alamofire (5.4.3)
  - MarqueeLabel (4.0.5)
  - NotificationBannerSwift (3.0.6):
    - MarqueeLabel (~> 4.0.5)
    - SnapKit (~> 5.0.1)
  - NVActivityIndicatorView (5.1.1):
    - NVActivityIndicatorView/Base (= 5.1.1)
  - NVActivityIndicatorView/Base (5.1.1)
  - SnapKit (5.0.1)

DEPENDENCIES:
  - Alamofire
  - NotificationBannerSwift
  - NVActivityIndicatorView

SPEC REPOS:
  trunk:
    - Alamofire
    - MarqueeLabel
    - NotificationBannerSwift
    - NVActivityIndicatorView
    - SnapKit

SPEC CHECKSUMS:
  Alamofire: e447a2774a40c996748296fa2c55112fdbbc42f9
  MarqueeLabel: 00cc0bcd087111dca575878b3531af980559707d
  NotificationBannerSwift: 7021be2338f8f29cf424b0aca43da462bf9e2a1a
  NVActivityIndicatorView: 1f6c5687f1171810aa27a3296814dc2d7dec3667
  SnapKit: 97b92857e3df3a0c71833cce143274bf6ef8e5eb

PODFILE CHECKSUM: c0746a86faa99a75167c73dfd5d8557b97d413af

COCOAPODS: 1.10.1
